
Microsoft Visual Studio Solution File, Format Version 12.00
# Visual Studio 14
VisualStudioVersion = 14.0.25420.1
MinimumVisualStudioVersion = 10.0.40219.1
Project("{FAE04EC0-301F-11D3-BF4B-00C04F79EFBC}") = "Battlelog Server IP Resolve", "Battlelog Server IP Resolve\Battlelog Server IP Resolve.csproj", "{CA40E5DF-FAEE-4377-B641-E01AE899E260}"
EndProject
Global
	GlobalSection(SolutionConfigurationPlatforms) = preSolution
		Debug|Any CPU = Debug|Any CPU
		Release|Any CPU = Release|Any CPU
	EndGlobalSection
	GlobalSection(ProjectConfigurationPlatforms) = postSolution
		{CA40E5DF-FAEE-4377-B641-E01AE899E260}.Debug|Any CPU.ActiveCfg = Debug|Any CPU
		{CA40E5DF-FAEE-4377-B641-E01AE899E260}.Debug|Any CPU.Build.0 = Debug|Any CPU
		{CA40E5DF-FAEE-4377-B641-E01AE899E260}.Release|Any CPU.ActiveCfg = Release|Any CPU
		{CA40E5DF-FAEE-4377-B641-E01AE899E260}.Release|Any CPU.Build.0 = Release|Any CPU
	EndGlobalSection
	GlobalSection(SolutionProperties) = preSolution
		HideSolutionNode = FALSE
	EndGlobalSection
EndGlobal
